%{"abnfc": {:git, "git://github.com/heroku/abnfc.git", "856c77cce8f0dd66bfe95f3ec4041f9f59b742bb", [branch: "master"]},
  "conform": {:git, "git://github.com/bitwalker/conform.git", "dd014b078d0a50b2f0d0a6b051a930260da71435", []},
  "cowboy": {:git, "git://github.com/extend/cowboy.git", "e5170737d229a5b7bb6159d24ac10062fe8d6789", [branch: "1.0.x"]},
  "cowlib": {:git, "git://github.com/ninenines/cowlib.git", "d544a494af4dbc810fc9c15eaf5cc050cced1501", [ref: "1.0.0"]},
  "dnssd": {:git, "git://github.com/benoitc/dnssd_erlang.git", "d5862da78b2de281c3d8b537266c134decc65d76", [branch: "master"]},
  "ex_uri": {:git, "git://github.com/heroku/ex_uri.git", "16f26db7026493d2934f615f8884fad42675f00e", [branch: "master"]},
  "exlager": {:git, "git://github.com/xerions/exlager.git", "b425293282f5bd3b5a2ef956b082766ba3c0c662", []},
  "exrm": {:git, "git://github.com/thz/exrm.git", "6f1bd347bef731c72b4a78fd3ac13cef5f2cefb4", [branch: "configurability"]},
  "exrun": {:git, "git://github.com/liveforeverx/exrun.git", "f41a53e47ce347b7230fcbcdc94f30ab9ded7d03", []},
  "ezmq": {:git, "git://github.com/RoadRunnr/ezmq.git", "a77378f0cb716b5293be6f69bdc99ed137a509c4", [branch: "fix-socket-crash"]},
  "gen_listener_tcp": {:git, "https://github.com/travelping/gen_listener_tcp.git", "fb9626d172b09e6448d36f23e6055adf75189bfe", [branch: "master"]},
  "goldrush": {:hex, :goldrush, "0.1.6"},
  "hello": {:git, "git://github.com/travelping/hello.git", "0cbfdb6875635a67504335565d631eb7ae235c36", [branch: "hello_v3"]},
  "ibrowse": {:git, "git://github.com/cmullaparthi/ibrowse.git", "04566c70016f5a2a9a8b8ba6e6adf429e399c260", [branch: "master"]},
  "jsx": {:git, "git://github.com/talentdeficit/jsx.git", "a67186ddd251f9a3fedecfbb895483a0ec092c09", [branch: "develop"]},
  "lager": {:hex, :lager, "2.1.1"},
  "msgpack": {:git, "git://github.com/msgpack/msgpack-erlang.git", "c666a5f6568ac2e15687bb155442025dbb8b74ff", [branch: "master"]},
  "neotoma": {:git, "git://github.com/seancribbs/neotoma.git", "6c4a6009d3f34da2ec42c4f3585dae0abbb49dfc", []},
  "ranch": {:git, "git://github.com/ninenines/ranch.git", "adf1822defc2b7cfdc7aca112adabfa1d614043c", [ref: "1.0.0"]},
  "yang": {:git, "git://github.com/travelping/yang.git", "099b3224ce4d75574bb92a339ced3aa77b7766e0", [branch: "master"]}}
