%{"abnfc": {:git, "git://github.com/heroku/abnfc.git", "856c77cce8f0dd66bfe95f3ec4041f9f59b742bb", [branch: "master"]},
  "conform": {:git, "git://github.com/bitwalker/conform.git", "b3536176dd17af2b0f396f436a584a9d06367e65", []},
  "cowboy": {:git, "git://github.com/extend/cowboy.git", "e5170737d229a5b7bb6159d24ac10062fe8d6789", [branch: "1.0.x"]},
  "cowlib": {:git, "git://github.com/ninenines/cowlib.git", "d544a494af4dbc810fc9c15eaf5cc050cced1501", [ref: "1.0.0"]},
  "dnssd": {:git, "git://github.com/benoitc/dnssd_erlang.git", "d5862da78b2de281c3d8b537266c134decc65d76", [branch: "master"]},
  "ex_uri": {:git, "git://github.com/heroku/ex_uri.git", "16f26db7026493d2934f615f8884fad42675f00e", [branch: "master"]},
  "exlager": {:git, "git://github.com/xerions/exlager.git", "4994d36bd32232cbee2fd1a619c7c009b4efa128", []},
  "exrm": {:git, "git://github.com/thz/exrm.git", "6f1bd347bef731c72b4a78fd3ac13cef5f2cefb4", [branch: "configurability"]},
  "exrun": {:git, "git://github.com/liveforeverx/exrun.git", "f41a53e47ce347b7230fcbcdc94f30ab9ded7d03", []},
  "ezmq": {:git, "git://github.com/RoadRunnr/ezmq.git", "a77378f0cb716b5293be6f69bdc99ed137a509c4", [branch: "fix-socket-crash"]},
  "gen_listener_tcp": {:git, "https://github.com/travelping/gen_listener_tcp.git", "fb9626d172b09e6448d36f23e6055adf75189bfe", [branch: "master"]},
  "goldrush": {:hex, :goldrush, "0.1.6"},
  "hackney": {:git, "git://github.com/benoitc/hackney.git", "002fe1bbae65a657b98719a11b14fee9116212eb", [branch: "master"]},
  "hello": {:git, "git://github.com/travelping/hello.git", "87b54f529be600f93646567c72ee862cf6ed8ab3", [branch: "hello_v3"]},
  "idna": {:git, "https://github.com/benoitc/erlang-idna", "c80afc2c3120010fd22287a3b2ef2bbbde57ff40", [tag: "1.0.2"]},
  "jsx": {:git, "git://github.com/talentdeficit/jsx.git", "a67186ddd251f9a3fedecfbb895483a0ec092c09", [branch: "develop"]},
  "lager": {:hex, :lager, "2.1.1"},
  "meck": {:hex, :meck, "0.8.2"},
  "mock": {:git, "git://github.com/jjh42/mock.git", "5a6bb6dd70ccc54997dda72f18f0ab85138c1253", []},
  "msgpack": {:git, "git://github.com/msgpack/msgpack-erlang.git", "e84e60dbfff3472f93205415b63e4787bc293d3e", [branch: "master"]},
  "neotoma": {:git, "git://github.com/seancribbs/neotoma.git", "6ac6007c7713712a80096de5c7cdf5b85b01374e", []},
  "ranch": {:git, "git://github.com/ninenines/ranch.git", "adf1822defc2b7cfdc7aca112adabfa1d614043c", [ref: "1.0.0"]},
  "ssl_verify_hostname": {:git, "https://github.com/deadtrickster/ssl_verify_hostname.erl", "1105981e2c3afb40dcda46163aa54c3f931a1e0b", [tag: "1.0.5"]},
  "yang": {:git, "git://github.com/travelping/yang.git", "099b3224ce4d75574bb92a339ced3aa77b7766e0", [branch: "master"]}}
