%{"abnfc": {:git, "git://github.com/heroku/abnfc.git", "856c77cce8f0dd66bfe95f3ec4041f9f59b742bb", [branch: "master"]},
  "bbmustache": {:hex, :bbmustache, "1.0.4", "7ba94f971c5afd7b6617918a4bb74705e36cab36eb84b19b6a1b7ee06427aa38", [:rebar], []},
  "bear": {:git, "git://github.com/boundary/bear.git", "119234548783af19b8ec75c879c5062676b92571", [tag: "0.8.2"]},
  "certifi": {:hex, :certifi, "0.3.0", "389d4b126a47895fe96d65fcf8681f4d09eca1153dc2243ed6babad0aac1e763", [:rebar3], []},
  "cf": {:hex, :cf, "0.2.1", "69d0b1349fd4d7d4dc55b7f407d29d7a840bf9a1ef5af529f1ebe0ce153fc2ab", [:rebar3], []},
  "conform": {:git, "https://github.com/bitwalker/conform.git", "678dbfca6e7a94dd9d9214e6dbddf8b3ddb35dbf", [ref: "678dbfca6e7a94dd9d9214e6dbddf8b3ddb35dbf"]},
  "conform_exrm": {:git, "https://github.com/bitwalker/conform_exrm.git", "0f7fdef4cc31ff7e127917a6601fb5f4762d44ad", []},
  "coverex": {:git, "https://github.com/alfert/coverex.git", "38c21c9cfac5e5df27cad0f4d8467fd94e824434", [tag: "v1.4.3"]},
  "cowboy": {:hex, :cowboy, "1.0.4", "a324a8df9f2316c833a470d918aaf73ae894278b8aa6226ce7a9bf699388f878", [:rebar, :make], [{:cowlib, "~> 1.0.0", [hex: :cowlib, optional: false]}, {:ranch, "~> 1.0", [hex: :ranch, optional: false]}]},
  "cowlib": {:hex, :cowlib, "1.0.2", "9d769a1d062c9c3ac753096f868ca121e2730b9a377de23dec0f7e08b1df84ee", [:make], []},
  "edown": {:git, "https://github.com/uwiger/edown.git", "754be25f71a04099c83f3ffdff268e70beeb0021", []},
  "erlware_commons": {:hex, :erlware_commons, "0.21.0", "a04433071ad7d112edefc75ac77719dd3e6753e697ac09428fc83d7564b80b15", [:rebar3], [{:cf, "0.2.1", [hex: :cf, optional: false]}]},
  "ex_uri": {:git, "https://github.com/heroku/ex_uri.git", "16f26db7026493d2934f615f8884fad42675f00e", [branch: "master"]},
  "exlager": {:git, "https://github.com/xerions/exlager.git", "f43abf432da30ca3934b6a4d66a44c74d3f27f1b", []},
  "exometer_core": {:git, "https://github.com/Feuerlabs/exometer_core.git", "9206b28d045b395abd1b86cc794223ec9aeeb0ea", []},
  "exometer_fetch": {:git, "https://github.com/travelping/exometer_fetch.git", "3bfc031b8fa2b6189cfeedf56d75c3ded85a4b7e", [branch: "master"]},
  "exometer_influxdb": {:git, "https://github.com/travelping/exometer_influxdb.git", "6efe4c19e065323552f048f087db07c1681d4039", [branch: "master"]},
  "exrm": {:hex, :exrm, "1.0.8", "5aa8990cdfe300282828b02cefdc339e235f7916388ce99f9a1f926a9271a45d", [:mix], [{:relx, "~> 3.5", [hex: :relx, optional: false]}]},
  "exrun": {:git, "https://github.com/liveforeverx/exrun.git", "a62044b77713a0ea7e5161f512723ceb74cc9565", []},
  "ezmq": {:git, "https://github.com/RoadRunnr/ezmq.git", "a77378f0cb716b5293be6f69bdc99ed137a509c4", [branch: "fix-socket-crash"]},
  "folsom": {:git, "git://github.com/folsom-project/folsom", "38e2cce7c64ce1f0a3a918d90394cfc0a940b1ba", [ref: "38e2cce"]},
  "gen_listener_tcp": {:git, "https://github.com/travelping/gen_listener_tcp.git", "3690477d108c7521f84a9af625ba73e525b989d6", [branch: "master"]},
  "getopt": {:hex, :getopt, "0.8.2", "b17556db683000ba50370b16c0619df1337e7af7ecbf7d64fbf8d1d6bce3109b", [:rebar], []},
  "goldrush": {:git, "https://github.com/DeadZen/goldrush.git", "212299233c7e7eb63a97be2777e1c05ebaa58dbe", [tag: "0.1.8"]},
  "hackney": {:hex, :hackney, "1.4.10", "7da877a7388a8bcc7d71253d4a38103c955333dd470a3af5e47fa1ad8d5e3c23", [:rebar3], [{:certifi, "0.3.0", [hex: :certifi, optional: false]}, {:idna, "1.1.0", [hex: :idna, optional: false]}, {:mimerl, "1.0.2", [hex: :mimerl, optional: false]}, {:ssl_verify_hostname, "1.0.5", [hex: :ssl_verify_hostname, optional: false]}]},
  "hello": {:git, "https://github.com/travelping/hello.git", "1205823fc2e7b617e16998919f152d509f54a9e7", [branch: "master"]},
  "httpoison": {:hex, :httpoison, "0.7.2", "e13ab8c056481b83aebe225fbc2260c3dfeac4d7271e9af80f234e3186fa843b", [:mix], [{:hackney, "~> 1.3.1", [hex: :hackney, optional: false]}]},
  "hut": {:git, "git://github.com/tolbrino/hut.git", "025540398478ab6f95932c3234382ac5bb21ad3e", [ref: "v1.1.1"]},
  "idna": {:hex, :idna, "1.1.0", "b4315c6da1c37dc8ab1df3ed18796ecd5172c4165fb886f43732ce598d145b50", [:rebar3], []},
  "jsx": {:hex, :jsx, "2.6.2", "213721e058da0587a4bce3cc8a00ff6684ced229c8f9223245c6ff2c88fbaa5a", [:mix, :rebar], []},
  "lager": {:git, "https://github.com/basho/lager.git", "bce5504a955e52be8d5cf4b3c6b1fcd898ab5756", [tag: "3.2.2"]},
  "meck": {:git, "https://github.com/eproxus/meck.git", "17b0ea5b7d9c93af3a52b5152c6bee14302b3885", [tag: "0.8.3"]},
  "metricman": {:git, "https://github.com/xerions/metricman.git", "a8307e54f1e395dcff705f78bb0506c470f51ff1", []},
  "mimerl": {:hex, :mimerl, "1.0.2", "993f9b0e084083405ed8252b99460c4f0563e41729ab42d9074fd5e52439be88", [:rebar3], []},
  "mock": {:git, "https://github.com/jjh42/mock.git", "faf899f775090024110629a26105eb53b1599168", []},
  "msgpack": {:hex, :msgpack, "0.6.0", "e6b40e87c2233174b4c7ceda3bc6231dd0bce39bf9d7e18226875ea821c624d5", [:rebar3], []},
  "neotoma": {:hex, :neotoma, "1.7.3", "d8bd5404b73273989946e4f4f6d529e5c2088f5fa1ca790b4dbe81f4be408e61", [:rebar], []},
  "parse_trans": {:git, "git://github.com/uwiger/parse_trans.git", "a210adafdfbb904d156d8f22abd5fb58fc17de1e", [tag: "2.9.2"]},
  "poison": {:hex, :poison, "1.4.0", "cd5afb9db7f0d19487572fa28185b6d4de647f14235746824e77b3139b79b725", [:mix], []},
  "providers": {:hex, :providers, "1.6.0", "db0e2f9043ae60c0155205fcd238d68516331d0e5146155e33d1e79dc452964a", [:rebar3], [{:getopt, "0.8.2", [hex: :getopt, optional: false]}]},
  "ranch": {:hex, :ranch, "1.2.1", "a6fb992c10f2187b46ffd17ce398ddf8a54f691b81768f9ef5f461ea7e28c762", [:make], []},
  "recon": {:hex, :recon, "2.2.1", "4bb21badd51a32ad50edcce54e5312acf079a3bc770f266c1997071c7fcadf17", [:rebar], []},
  "relx": {:git, "https://github.com/erlware/relx.git", "f74972a6e65fc4c2a1ba098b4cea230a4b7a63f2", []},
  "setup": {:git, "https://github.com/uwiger/setup.git", "4de9ad24f6f89a3f9996f8f02329bc20d67f2d9e", []},
  "ssl_verify_hostname": {:hex, :ssl_verify_hostname, "1.0.5", "2e73e068cd6393526f9fa6d399353d7c9477d6886ba005f323b592d389fb47be", [:make], []},
  "yang": {:git, "https://github.com/travelping/yang.git", "922128924e7e62115ea7b36d8064b524e27e6615", [branch: "master"]}}
